
Microsoft Visual Studio Solution File, Format Version 12.00
# Visual Studio Version 16
VisualStudioVersion = 16.0.31205.134
MinimumVisualStudioVersion = 10.0.40219.1
Project("{FAE04EC0-301F-11D3-BF4B-00C04F79EFBC}") = "ImplecitExplecit", "ImplecitExplecit\ImplecitExplecit.csproj", "{D278E8FD-14DC-44E2-8991-B77C1335E3C3}"
EndProject
Global
	GlobalSection(SolutionConfigurationPlatforms) = preSolution
		Debug|Any CPU = Debug|Any CPU
		Release|Any CPU = Release|Any CPU
	EndGlobalSection
	GlobalSection(ProjectConfigurationPlatforms) = postSolution
		{D278E8FD-14DC-44E2-8991-B77C1335E3C3}.Debug|Any CPU.ActiveCfg = Debug|Any CPU
		{D278E8FD-14DC-44E2-8991-B77C1335E3C3}.Debug|Any CPU.Build.0 = Debug|Any CPU
		{D278E8FD-14DC-44E2-8991-B77C1335E3C3}.Release|Any CPU.ActiveCfg = Release|Any CPU
		{D278E8FD-14DC-44E2-8991-B77C1335E3C3}.Release|Any CPU.Build.0 = Release|Any CPU
	EndGlobalSection
	GlobalSection(SolutionProperties) = preSolution
		HideSolutionNode = FALSE
	EndGlobalSection
	GlobalSection(ExtensibilityGlobals) = postSolution
		SolutionGuid = {DAD71641-E1A3-4E8C-BB12-139252F2E9DF}
	EndGlobalSection
EndGlobal
